
Microsoft Visual Studio Solution File, Format Version 12.00
# Visual Studio Version 16
VisualStudioVersion = 16.0.30225.117
MinimumVisualStudioVersion = 10.0.40219.1
Project("{FAE04EC0-301F-11D3-BF4B-00C04F79EFBC}") = "ProjektOOP", "ProjektOOP\ProjektOOP.csproj", "{9001820F-5008-46CD-8033-56D5E60C7042}"
EndProject
Project("{FAE04EC0-301F-11D3-BF4B-00C04F79EFBC}") = "DataLayer", "DataLayer\DataLayer.csproj", "{5434CC41-A158-4580-9116-AA1F931904D5}"
EndProject
Global
	GlobalSection(SolutionConfigurationPlatforms) = preSolution
		Debug|Any CPU = Debug|Any CPU
		Release|Any CPU = Release|Any CPU
	EndGlobalSection
	GlobalSection(ProjectConfigurationPlatforms) = postSolution
		{9001820F-5008-46CD-8033-56D5E60C7042}.Debug|Any CPU.ActiveCfg = Debug|Any CPU
		{9001820F-5008-46CD-8033-56D5E60C7042}.Debug|Any CPU.Build.0 = Debug|Any CPU
		{9001820F-5008-46CD-8033-56D5E60C7042}.Release|Any CPU.ActiveCfg = Release|Any CPU
		{9001820F-5008-46CD-8033-56D5E60C7042}.Release|Any CPU.Build.0 = Release|Any CPU
		{5434CC41-A158-4580-9116-AA1F931904D5}.Debug|Any CPU.ActiveCfg = Debug|Any CPU
		{5434CC41-A158-4580-9116-AA1F931904D5}.Debug|Any CPU.Build.0 = Debug|Any CPU
		{5434CC41-A158-4580-9116-AA1F931904D5}.Release|Any CPU.ActiveCfg = Release|Any CPU
		{5434CC41-A158-4580-9116-AA1F931904D5}.Release|Any CPU.Build.0 = Release|Any CPU
	EndGlobalSection
	GlobalSection(SolutionProperties) = preSolution
		HideSolutionNode = FALSE
	EndGlobalSection
	GlobalSection(ExtensibilityGlobals) = postSolution
		SolutionGuid = {BEA505B1-803B-49B0-A056-6BC7F4C55AFD}
	EndGlobalSection
EndGlobal
